
Microsoft Visual Studio Solution File, Format Version 12.00
# Visual Studio Version 17
VisualStudioVersion = 17.9.34616.47
MinimumVisualStudioVersion = 10.0.40219.1
Project("{8BC9CEB8-8B4A-11D0-8D11-00A0C91BC942}") = "PemrogramanDasarEmpat", "PemrogramanDasarEmpat\PemrogramanDasarEmpat.vcxproj", "{F712156B-8ECD-4864-A626-408E1E6C2D3D}"
EndProject
Global
	GlobalSection(SolutionConfigurationPlatforms) = preSolution
		Debug|x64 = Debug|x64
		Debug|x86 = Debug|x86
		Release|x64 = Release|x64
		Release|x86 = Release|x86
	EndGlobalSection
	GlobalSection(ProjectConfigurationPlatforms) = postSolution
		{F712156B-8ECD-4864-A626-408E1E6C2D3D}.Debug|x64.ActiveCfg = Debug|x64
		{F712156B-8ECD-4864-A626-408E1E6C2D3D}.Debug|x64.Build.0 = Debug|x64
		{F712156B-8ECD-4864-A626-408E1E6C2D3D}.Debug|x86.ActiveCfg = Debug|Win32
		{F712156B-8ECD-4864-A626-408E1E6C2D3D}.Debug|x86.Build.0 = Debug|Win32
		{F712156B-8ECD-4864-A626-408E1E6C2D3D}.Release|x64.ActiveCfg = Release|x64
		{F712156B-8ECD-4864-A626-408E1E6C2D3D}.Release|x64.Build.0 = Release|x64
		{F712156B-8ECD-4864-A626-408E1E6C2D3D}.Release|x86.ActiveCfg = Release|Win32
		{F712156B-8ECD-4864-A626-408E1E6C2D3D}.Release|x86.Build.0 = Release|Win32
	EndGlobalSection
	GlobalSection(SolutionProperties) = preSolution
		HideSolutionNode = FALSE
	EndGlobalSection
	GlobalSection(ExtensibilityGlobals) = postSolution
		SolutionGuid = {1EE44592-3F5D-4E1C-8887-C7B91919C877}
	EndGlobalSection
EndGlobal
